
Microsoft Visual Studio Solution File, Format Version 12.00
# Visual Studio 15
Project("{FAE04EC0-301F-11D3-BF4B-00C04F79EFBC}") = "Assembly-CSharp", "Assembly-CSharp.csproj", "{A5548707-6847-091B-A5FD-875B4EA9BF79}"
EndProject
Project("{FAE04EC0-301F-11D3-BF4B-00C04F79EFBC}") = "PathCreator", "PathCreator.csproj", "{3C724B04-E20E-7E55-4D5F-1A9AF203AE1B}"
EndProject
Project("{FAE04EC0-301F-11D3-BF4B-00C04F79EFBC}") = "PathCreatorEditor", "PathCreatorEditor.csproj", "{B72FF5A1-4549-D859-4D4B-C5B05B1EB6C0}"
EndProject
Project("{FAE04EC0-301F-11D3-BF4B-00C04F79EFBC}") = "Assembly-CSharp-Editor", "Assembly-CSharp-Editor.csproj", "{3FAACF41-CA7C-252B-315A-685EC0F04F01}"
EndProject
Global
	GlobalSection(SolutionConfigurationPlatforms) = preSolution
		Debug|Any CPU = Debug|Any CPU
		Release|Any CPU = Release|Any CPU
	EndGlobalSection
	GlobalSection(ProjectConfigurationPlatforms) = postSolution
		{A5548707-6847-091B-A5FD-875B4EA9BF79}.Debug|Any CPU.ActiveCfg = Debug|Any CPU
		{A5548707-6847-091B-A5FD-875B4EA9BF79}.Debug|Any CPU.Build.0 = Debug|Any CPU
		{A5548707-6847-091B-A5FD-875B4EA9BF79}.Release|Any CPU.ActiveCfg = Release|Any CPU
		{A5548707-6847-091B-A5FD-875B4EA9BF79}.Release|Any CPU.Build.0 = Release|Any CPU
		{3C724B04-E20E-7E55-4D5F-1A9AF203AE1B}.Debug|Any CPU.ActiveCfg = Debug|Any CPU
		{3C724B04-E20E-7E55-4D5F-1A9AF203AE1B}.Debug|Any CPU.Build.0 = Debug|Any CPU
		{3C724B04-E20E-7E55-4D5F-1A9AF203AE1B}.Release|Any CPU.ActiveCfg = Release|Any CPU
		{3C724B04-E20E-7E55-4D5F-1A9AF203AE1B}.Release|Any CPU.Build.0 = Release|Any CPU
		{B72FF5A1-4549-D859-4D4B-C5B05B1EB6C0}.Debug|Any CPU.ActiveCfg = Debug|Any CPU
		{B72FF5A1-4549-D859-4D4B-C5B05B1EB6C0}.Debug|Any CPU.Build.0 = Debug|Any CPU
		{B72FF5A1-4549-D859-4D4B-C5B05B1EB6C0}.Release|Any CPU.ActiveCfg = Release|Any CPU
		{B72FF5A1-4549-D859-4D4B-C5B05B1EB6C0}.Release|Any CPU.Build.0 = Release|Any CPU
		{3FAACF41-CA7C-252B-315A-685EC0F04F01}.Debug|Any CPU.ActiveCfg = Debug|Any CPU
		{3FAACF41-CA7C-252B-315A-685EC0F04F01}.Debug|Any CPU.Build.0 = Debug|Any CPU
		{3FAACF41-CA7C-252B-315A-685EC0F04F01}.Release|Any CPU.ActiveCfg = Release|Any CPU
		{3FAACF41-CA7C-252B-315A-685EC0F04F01}.Release|Any CPU.Build.0 = Release|Any CPU
	EndGlobalSection
	GlobalSection(SolutionProperties) = preSolution
		HideSolutionNode = FALSE
	EndGlobalSection
EndGlobal
